
Microsoft Visual Studio Solution File, Format Version 12.00
# Visual Studio Version 17
VisualStudioVersion = 17.14.36202.13 d17.14
MinimumVisualStudioVersion = 10.0.40219.1
Project("{8BC9CEB8-8B4A-11D0-8D11-00A0C91BC942}") = "TEST01", "TEST01.vcxproj", "{CB834EA0-B41E-443E-ADDE-CA9E4B3EAFBA}"
EndProject
Global
	GlobalSection(SolutionConfigurationPlatforms) = preSolution
		Debug|x64 = Debug|x64
		Debug|x86 = Debug|x86
		Release|x64 = Release|x64
		Release|x86 = Release|x86
	EndGlobalSection
	GlobalSection(ProjectConfigurationPlatforms) = postSolution
		{CB834EA0-B41E-443E-ADDE-CA9E4B3EAFBA}.Debug|x64.ActiveCfg = Debug|x64
		{CB834EA0-B41E-443E-ADDE-CA9E4B3EAFBA}.Debug|x64.Build.0 = Debug|x64
		{CB834EA0-B41E-443E-ADDE-CA9E4B3EAFBA}.Debug|x86.ActiveCfg = Debug|Win32
		{CB834EA0-B41E-443E-ADDE-CA9E4B3EAFBA}.Debug|x86.Build.0 = Debug|Win32
		{CB834EA0-B41E-443E-ADDE-CA9E4B3EAFBA}.Release|x64.ActiveCfg = Release|x64
		{CB834EA0-B41E-443E-ADDE-CA9E4B3EAFBA}.Release|x64.Build.0 = Release|x64
		{CB834EA0-B41E-443E-ADDE-CA9E4B3EAFBA}.Release|x86.ActiveCfg = Release|Win32
		{CB834EA0-B41E-443E-ADDE-CA9E4B3EAFBA}.Release|x86.Build.0 = Release|Win32
	EndGlobalSection
	GlobalSection(SolutionProperties) = preSolution
		HideSolutionNode = FALSE
	EndGlobalSection
	GlobalSection(ExtensibilityGlobals) = postSolution
		SolutionGuid = {6CFA08BE-73EF-4846-A294-3E1B40C4F1D7}
	EndGlobalSection
EndGlobal
